{
  "name": "cm-pgn-viewer",
  "version": "1.0.0",
  "lockfileVersion": 3,
  "requires": true,
  "packages": {
    "": {
      "name": "cm-pgn-viewer",
      "version": "1.0.0",
      "license": "MIT",
      "dependencies": {
        "@fortawesome/fontawesome-free": "^6.5.0",
        "chess.mjs": "^2.3.2",
        "cm-chess": "^3.6.3",
        "cm-chessboard": "^8.12.19",
        "cm-web-modules": "^2.8.0"
      }
    },
    "node_modules/@fortawesome/fontawesome-free": {
      "version": "6.7.2",
      "resolved": "https://registry.npmjs.org/@fortawesome/fontawesome-free/-/fontawesome-free-6.7.2.tgz",
      "integrity": "sha512-JUOtgFW6k9u4Y+xeIaEiLr3+cjoUPiAuLXoyKOJSia6Duzb7pq+A76P9ZdPDoAoxHdHzq6gE9/jKBGXlZT8FbA==",
      "license": "(CC-BY-4.0 AND OFL-1.1 AND MIT)",
      "engines": {
        "node": ">=6"
      }
    },
    "node_modules/chess.mjs": {
      "version": "2.3.2",
      "resolved": "https://registry.npmjs.org/chess.mjs/-/chess.mjs-2.3.2.tgz",
      "integrity": "sha512-ZNerNDt1CkKbwxscG38zBegIgcQ5MCyUdupRnUsKXz6f3lvhz+jo/7VumE8h+mobmJ0xJpnSURKspNso4J5pzQ==",
      "license": "BSD-2-Clause"
    },
    "node_modules/cm-chess": {
      "version": "3.6.3",
      "resolved": "https://registry.npmjs.org/cm-chess/-/cm-chess-3.6.3.tgz",
      "integrity": "sha512-78ffmdsUbb+pOTf6lgTKuLvaPxrQh47xdhuGo4O00GpdgkWOiIjgpvG8vmWCDwu2MJkHHcte0oNxqbd8F9FfhA==",
      "license": "MIT",
      "dependencies": {
        "chess.mjs": "^2.3.2",
        "cm-pgn": "4.0.6"
      }
    },
    "node_modules/cm-chessboard": {
      "version": "8.12.19",
      "resolved": "https://registry.npmjs.org/cm-chessboard/-/cm-chessboard-8.12.19.tgz",
      "integrity": "sha512-HyX/HE4MH+zF4h+uTTe8c1dpPzb66/i8R/QbYEnxNSFM5xZi/n1LW2Ip2Vv+0lXfEptcV5VTT6gLldmuyMjjaQ==",
      "license": "MIT"
    },
    "node_modules/cm-pgn": {
      "version": "4.0.6",
      "resolved": "https://registry.npmjs.org/cm-pgn/-/cm-pgn-4.0.6.tgz",
      "integrity": "sha512-4nsWoI+vEGrLaGM2vSOng00qvIl3Oj4bx+5UfFdH8MT7DiaphVt+7vo8PuzUV+jJhmvYnV83/UNv4gyr03Rlfw==",
      "license": "MIT",
      "dependencies": {
        "chess.mjs": "^2.2.3"
      }
    },
    "node_modules/cm-web-modules": {
      "version": "2.8.0",
      "resolved": "https://registry.npmjs.org/cm-web-modules/-/cm-web-modules-2.8.0.tgz",
      "integrity": "sha512-hocQZRbYXuglLtPB486mhMRjDp2CK/UNWiwhsB/vFkHcqWhsIU9Xk1J++jMz45Qt6ebDPz4tBoQb1nAgcEjDJA==",
      "license": "MIT"
    }
  }
}
